<?xml version="1.0" encoding="utf-8"?>
<Project ToolsVersion="4.0" xmlns="http://schemas.microsoft.com/developer/msbuild/2003">
  <ItemGroup>
    <ClCompile Include="..\..\ffmpeg_test\main.cpp" />
  </ItemGroup>
  <ItemGroup>
    <Filter Include="examples">
      <UniqueIdentifier>{0c87a525-5b10-4876-bd62-b59f5cd88605}</UniqueIdentifier>
    </Filter>
  </ItemGroup>
</Project>