
Microsoft Visual Studio Solution File, Format Version 12.00
# Visual Studio Version 17
VisualStudioVersion = 17.0.31919.166
MinimumVisualStudioVersion = 10.0.40219.1
Project("{8BC9CEB8-8B4A-11D0-8D11-00A0C91BC942}") = "LinuxTest", "LinuxTest\LinuxTest.vcxproj", "{AC4BD9CA-2423-4D8D-B12D-E5B55C1F3D81}"
EndProject
Project("{8BC9CEB8-8B4A-11D0-8D11-00A0C91BC942}") = "ProcessSingle", "ProcessSingle\ProcessSingle.vcxproj", "{52072A32-8D69-4F42-B13B-34C1CF18D4E1}"
EndProject
Project("{8BC9CEB8-8B4A-11D0-8D11-00A0C91BC942}") = "ProcessCreateAndExit", "ProcessCreateAndExit\ProcessCreateAndExit.vcxproj", "{FFF47087-81BA-4A28-B142-2066F0CA1142}"
EndProject
Project("{8BC9CEB8-8B4A-11D0-8D11-00A0C91BC942}") = "TestNamePipe", "TestNamePipe\TestNamePipe.vcxproj", "{8CC65138-A85A-483A-9A85-87AD7D5F0550}"
EndProject
Global
	GlobalSection(SolutionConfigurationPlatforms) = preSolution
		Debug|ARM = Debug|ARM
		Debug|ARM64 = Debug|ARM64
		Debug|x64 = Debug|x64
		Debug|x86 = Debug|x86
		Release|ARM = Release|ARM
		Release|ARM64 = Release|ARM64
		Release|x64 = Release|x64
		Release|x86 = Release|x86
	EndGlobalSection
	GlobalSection(ProjectConfigurationPlatforms) = postSolution
		{AC4BD9CA-2423-4D8D-B12D-E5B55C1F3D81}.Debug|ARM.ActiveCfg = Debug|ARM
		{AC4BD9CA-2423-4D8D-B12D-E5B55C1F3D81}.Debug|ARM.Build.0 = Debug|ARM
		{AC4BD9CA-2423-4D8D-B12D-E5B55C1F3D81}.Debug|ARM.Deploy.0 = Debug|ARM
		{AC4BD9CA-2423-4D8D-B12D-E5B55C1F3D81}.Debug|ARM64.ActiveCfg = Debug|ARM64
		{AC4BD9CA-2423-4D8D-B12D-E5B55C1F3D81}.Debug|ARM64.Build.0 = Debug|ARM64
		{AC4BD9CA-2423-4D8D-B12D-E5B55C1F3D81}.Debug|ARM64.Deploy.0 = Debug|ARM64
		{AC4BD9CA-2423-4D8D-B12D-E5B55C1F3D81}.Debug|x64.ActiveCfg = Debug|x64
		{AC4BD9CA-2423-4D8D-B12D-E5B55C1F3D81}.Debug|x64.Build.0 = Debug|x64
		{AC4BD9CA-2423-4D8D-B12D-E5B55C1F3D81}.Debug|x64.Deploy.0 = Debug|x64
		{AC4BD9CA-2423-4D8D-B12D-E5B55C1F3D81}.Debug|x86.ActiveCfg = Debug|x86
		{AC4BD9CA-2423-4D8D-B12D-E5B55C1F3D81}.Debug|x86.Build.0 = Debug|x86
		{AC4BD9CA-2423-4D8D-B12D-E5B55C1F3D81}.Debug|x86.Deploy.0 = Debug|x86
		{AC4BD9CA-2423-4D8D-B12D-E5B55C1F3D81}.Release|ARM.ActiveCfg = Release|ARM
		{AC4BD9CA-2423-4D8D-B12D-E5B55C1F3D81}.Release|ARM.Build.0 = Release|ARM
		{AC4BD9CA-2423-4D8D-B12D-E5B55C1F3D81}.Release|ARM.Deploy.0 = Release|ARM
		{AC4BD9CA-2423-4D8D-B12D-E5B55C1F3D81}.Release|ARM64.ActiveCfg = Release|ARM64
		{AC4BD9CA-2423-4D8D-B12D-E5B55C1F3D81}.Release|ARM64.Build.0 = Release|ARM64
		{AC4BD9CA-2423-4D8D-B12D-E5B55C1F3D81}.Release|ARM64.Deploy.0 = Release|ARM64
		{AC4BD9CA-2423-4D8D-B12D-E5B55C1F3D81}.Release|x64.ActiveCfg = Release|x64
		{AC4BD9CA-2423-4D8D-B12D-E5B55C1F3D81}.Release|x64.Build.0 = Release|x64
		{AC4BD9CA-2423-4D8D-B12D-E5B55C1F3D81}.Release|x64.Deploy.0 = Release|x64
		{AC4BD9CA-2423-4D8D-B12D-E5B55C1F3D81}.Release|x86.ActiveCfg = Release|x86
		{AC4BD9CA-2423-4D8D-B12D-E5B55C1F3D81}.Release|x86.Build.0 = Release|x86
		{AC4BD9CA-2423-4D8D-B12D-E5B55C1F3D81}.Release|x86.Deploy.0 = Release|x86
		{52072A32-8D69-4F42-B13B-34C1CF18D4E1}.Debug|ARM.ActiveCfg = Debug|ARM
		{52072A32-8D69-4F42-B13B-34C1CF18D4E1}.Debug|ARM.Build.0 = Debug|ARM
		{52072A32-8D69-4F42-B13B-34C1CF18D4E1}.Debug|ARM.Deploy.0 = Debug|ARM
		{52072A32-8D69-4F42-B13B-34C1CF18D4E1}.Debug|ARM64.ActiveCfg = Debug|ARM64
		{52072A32-8D69-4F42-B13B-34C1CF18D4E1}.Debug|ARM64.Build.0 = Debug|ARM64
		{52072A32-8D69-4F42-B13B-34C1CF18D4E1}.Debug|ARM64.Deploy.0 = Debug|ARM64
		{52072A32-8D69-4F42-B13B-34C1CF18D4E1}.Debug|x64.ActiveCfg = Debug|x64
		{52072A32-8D69-4F42-B13B-34C1CF18D4E1}.Debug|x64.Build.0 = Debug|x64
		{52072A32-8D69-4F42-B13B-34C1CF18D4E1}.Debug|x64.Deploy.0 = Debug|x64
		{52072A32-8D69-4F42-B13B-34C1CF18D4E1}.Debug|x86.ActiveCfg = Debug|x86
		{52072A32-8D69-4F42-B13B-34C1CF18D4E1}.Debug|x86.Build.0 = Debug|x86
		{52072A32-8D69-4F42-B13B-34C1CF18D4E1}.Debug|x86.Deploy.0 = Debug|x86
		{52072A32-8D69-4F42-B13B-34C1CF18D4E1}.Release|ARM.ActiveCfg = Release|ARM
		{52072A32-8D69-4F42-B13B-34C1CF18D4E1}.Release|ARM.Build.0 = Release|ARM
		{52072A32-8D69-4F42-B13B-34C1CF18D4E1}.Release|ARM.Deploy.0 = Release|ARM
		{52072A32-8D69-4F42-B13B-34C1CF18D4E1}.Release|ARM64.ActiveCfg = Release|ARM64
		{52072A32-8D69-4F42-B13B-34C1CF18D4E1}.Release|ARM64.Build.0 = Release|ARM64
		{52072A32-8D69-4F42-B13B-34C1CF18D4E1}.Release|ARM64.Deploy.0 = Release|ARM64
		{52072A32-8D69-4F42-B13B-34C1CF18D4E1}.Release|x64.ActiveCfg = Release|x64
		{52072A32-8D69-4F42-B13B-34C1CF18D4E1}.Release|x64.Build.0 = Release|x64
		{52072A32-8D69-4F42-B13B-34C1CF18D4E1}.Release|x64.Deploy.0 = Release|x64
		{52072A32-8D69-4F42-B13B-34C1CF18D4E1}.Release|x86.ActiveCfg = Release|x86
		{52072A32-8D69-4F42-B13B-34C1CF18D4E1}.Release|x86.Build.0 = Release|x86
		{52072A32-8D69-4F42-B13B-34C1CF18D4E1}.Release|x86.Deploy.0 = Release|x86
		{FFF47087-81BA-4A28-B142-2066F0CA1142}.Debug|ARM.ActiveCfg = Debug|ARM
		{FFF47087-81BA-4A28-B142-2066F0CA1142}.Debug|ARM.Build.0 = Debug|ARM
		{FFF47087-81BA-4A28-B142-2066F0CA1142}.Debug|ARM.Deploy.0 = Debug|ARM
		{FFF47087-81BA-4A28-B142-2066F0CA1142}.Debug|ARM64.ActiveCfg = Debug|ARM64
		{FFF47087-81BA-4A28-B142-2066F0CA1142}.Debug|ARM64.Build.0 = Debug|ARM64
		{FFF47087-81BA-4A28-B142-2066F0CA1142}.Debug|ARM64.Deploy.0 = Debug|ARM64
		{FFF47087-81BA-4A28-B142-2066F0CA1142}.Debug|x64.ActiveCfg = Debug|x64
		{FFF47087-81BA-4A28-B142-2066F0CA1142}.Debug|x64.Build.0 = Debug|x64
		{FFF47087-81BA-4A28-B142-2066F0CA1142}.Debug|x64.Deploy.0 = Debug|x64
		{FFF47087-81BA-4A28-B142-2066F0CA1142}.Debug|x86.ActiveCfg = Debug|x86
		{FFF47087-81BA-4A28-B142-2066F0CA1142}.Debug|x86.Build.0 = Debug|x86
		{FFF47087-81BA-4A28-B142-2066F0CA1142}.Debug|x86.Deploy.0 = Debug|x86
		{FFF47087-81BA-4A28-B142-2066F0CA1142}.Release|ARM.ActiveCfg = Release|ARM
		{FFF47087-81BA-4A28-B142-2066F0CA1142}.Release|ARM.Build.0 = Release|ARM
		{FFF47087-81BA-4A28-B142-2066F0CA1142}.Release|ARM.Deploy.0 = Release|ARM
		{FFF47087-81BA-4A28-B142-2066F0CA1142}.Release|ARM64.ActiveCfg = Release|ARM64
		{FFF47087-81BA-4A28-B142-2066F0CA1142}.Release|ARM64.Build.0 = Release|ARM64
		{FFF47087-81BA-4A28-B142-2066F0CA1142}.Release|ARM64.Deploy.0 = Release|ARM64
		{FFF47087-81BA-4A28-B142-2066F0CA1142}.Release|x64.ActiveCfg = Release|x64
		{FFF47087-81BA-4A28-B142-2066F0CA1142}.Release|x64.Build.0 = Release|x64
		{FFF47087-81BA-4A28-B142-2066F0CA1142}.Release|x64.Deploy.0 = Release|x64
		{FFF47087-81BA-4A28-B142-2066F0CA1142}.Release|x86.ActiveCfg = Release|x86
		{FFF47087-81BA-4A28-B142-2066F0CA1142}.Release|x86.Build.0 = Release|x86
		{FFF47087-81BA-4A28-B142-2066F0CA1142}.Release|x86.Deploy.0 = Release|x86
		{8CC65138-A85A-483A-9A85-87AD7D5F0550}.Debug|ARM.ActiveCfg = Debug|ARM
		{8CC65138-A85A-483A-9A85-87AD7D5F0550}.Debug|ARM.Build.0 = Debug|ARM
		{8CC65138-A85A-483A-9A85-87AD7D5F0550}.Debug|ARM.Deploy.0 = Debug|ARM
		{8CC65138-A85A-483A-9A85-87AD7D5F0550}.Debug|ARM64.ActiveCfg = Debug|ARM64
		{8CC65138-A85A-483A-9A85-87AD7D5F0550}.Debug|ARM64.Build.0 = Debug|ARM64
		{8CC65138-A85A-483A-9A85-87AD7D5F0550}.Debug|ARM64.Deploy.0 = Debug|ARM64
		{8CC65138-A85A-483A-9A85-87AD7D5F0550}.Debug|x64.ActiveCfg = Debug|x64
		{8CC65138-A85A-483A-9A85-87AD7D5F0550}.Debug|x64.Build.0 = Debug|x64
		{8CC65138-A85A-483A-9A85-87AD7D5F0550}.Debug|x64.Deploy.0 = Debug|x64
		{8CC65138-A85A-483A-9A85-87AD7D5F0550}.Debug|x86.ActiveCfg = Debug|x86
		{8CC65138-A85A-483A-9A85-87AD7D5F0550}.Debug|x86.Build.0 = Debug|x86
		{8CC65138-A85A-483A-9A85-87AD7D5F0550}.Debug|x86.Deploy.0 = Debug|x86
		{8CC65138-A85A-483A-9A85-87AD7D5F0550}.Release|ARM.ActiveCfg = Release|ARM
		{8CC65138-A85A-483A-9A85-87AD7D5F0550}.Release|ARM.Build.0 = Release|ARM
		{8CC65138-A85A-483A-9A85-87AD7D5F0550}.Release|ARM.Deploy.0 = Release|ARM
		{8CC65138-A85A-483A-9A85-87AD7D5F0550}.Release|ARM64.ActiveCfg = Release|ARM64
		{8CC65138-A85A-483A-9A85-87AD7D5F0550}.Release|ARM64.Build.0 = Release|ARM64
		{8CC65138-A85A-483A-9A85-87AD7D5F0550}.Release|ARM64.Deploy.0 = Release|ARM64
		{8CC65138-A85A-483A-9A85-87AD7D5F0550}.Release|x64.ActiveCfg = Release|x64
		{8CC65138-A85A-483A-9A85-87AD7D5F0550}.Release|x64.Build.0 = Release|x64
		{8CC65138-A85A-483A-9A85-87AD7D5F0550}.Release|x64.Deploy.0 = Release|x64
		{8CC65138-A85A-483A-9A85-87AD7D5F0550}.Release|x86.ActiveCfg = Release|x86
		{8CC65138-A85A-483A-9A85-87AD7D5F0550}.Release|x86.Build.0 = Release|x86
		{8CC65138-A85A-483A-9A85-87AD7D5F0550}.Release|x86.Deploy.0 = Release|x86
	EndGlobalSection
	GlobalSection(SolutionProperties) = preSolution
		HideSolutionNode = FALSE
	EndGlobalSection
	GlobalSection(ExtensibilityGlobals) = postSolution
		SolutionGuid = {6D2A490C-82B5-446D-A300-48CE85E18CC5}
	EndGlobalSection
EndGlobal
